{
  "requires": true,
  "lockfileVersion": 1,
  "dependencies": {
    "@fancyapps/ui": {
      "version": "4.0.20",
      "resolved": "https://registry.npmjs.org/@fancyapps/ui/-/ui-4.0.20.tgz",
      "integrity": "sha512-/2aZtZzpkCULSWAMh973iDRYwijmfJPmncdQMNDXF87zDRKZn6x32oWH79/23flbQ31p0uy9ozsoKfZVr3pfxQ=="
    }
  }
}
